// !$*UTF8*$!
{
	archiveVersion = 1;
	classes = {
	};
	objectVersion = 50;
	objects = {

/* Begin PBXBuildFile section */
		15CCC8BDBC8AA76C0F06B66A /* Pods_BeerMe.framework in Frameworks */ = {isa = PBXBuildFile; fileRef = 2FF10F388857C2499DEE18C6 /* Pods_BeerMe.framework */; };
		187FF2BF2204C68200150990 /* NukeOptions.swift in Sources */ = {isa = PBXBuildFile; fileRef = 187FF2BE2204C68200150990 /* NukeOptions.swift */; };
		189FDFE82204BDF9001F54FD /* BaseURL.swift in Sources */ = {isa = PBXBuildFile; fileRef = 189FDFE72204BDF9001F54FD /* BaseURL.swift */; };
		189FDFEA2204C13B001F54FD /* Beer.swift in Sources */ = {isa = PBXBuildFile; fileRef = 189FDFE92204C13B001F54FD /* Beer.swift */; };
		189FDFEC2204C565001F54FD /* BeerCell.swift in Sources */ = {isa = PBXBuildFile; fileRef = 189FDFEB2204C565001F54FD /* BeerCell.swift */; };
		18D0ED312204BC160075F166 /* AppDelegate.swift in Sources */ = {isa = PBXBuildFile; fileRef = 18D0ED302204BC160075F166 /* AppDelegate.swift */; };
		18D0ED362204BC160075F166 /* Main.storyboard in Resources */ = {isa = PBXBuildFile; fileRef = 18D0ED342204BC160075F166 /* Main.storyboard */; };
		18D0ED382204BC160075F166 /* Assets.xcassets in Resources */ = {isa = PBXBuildFile; fileRef = 18D0ED372204BC160075F166 /* Assets.xcassets */; };
		18D0ED3B2204BC160075F166 /* LaunchScreen.storyboard in Resources */ = {isa = PBXBuildFile; fileRef = 18D0ED392204BC160075F166 /* LaunchScreen.storyboard */; };
/* End PBXBuildFile section */

/* Begin PBXFileReference section */
		187FF2BE2204C68200150990 /* NukeOptions.swift */ = {isa = PBXFileReference; lastKnownFileType = sourcecode.swift; path = NukeOptions.swift; sourceTree = "<group>"; };
		189FDFE72204BDF9001F54FD /* BaseURL.swift */ = {isa = PBXFileReference; lastKnownFileType = sourcecode.swift; path = BaseURL.swift; sourceTree = "<group>"; };
		189FDFE92204C13B001F54FD /* Beer.swift */ = {isa = PBXFileReference; lastKnownFileType = sourcecode.swift; path = Beer.swift; sourceTree = "<group>"; };
		189FDFEB2204C565001F54FD /* BeerCell.swift */ = {isa = PBXFileReference; lastKnownFileType = sourcecode.swift; path = BeerCell.swift; sourceTree = "<group>"; };
		18D0ED2D2204BC160075F166 /* BeerMe.app */ = {isa = PBXFileReference; explicitFileType = wrapper.application; includeInIndex = 0; path = BeerMe.app; sourceTree = BUILT_PRODUCTS_DIR; };
		18D0ED302204BC160075F166 /* AppDelegate.swift */ = {isa = PBXFileReference; lastKnownFileType = sourcecode.swift; path = AppDelegate.swift; sourceTree = "<group>"; };
		18D0ED352204BC160075F166 /* Base */ = {isa = PBXFileReference; lastKnownFileType = file.storyboard; name = Base; path = Base.lproj/Main.storyboard; sourceTree = "<group>"; };
		18D0ED372204BC160075F166 /* Assets.xcassets */ = {isa = PBXFileReference; lastKnownFileType = folder.assetcatalog; path = Assets.xcassets; sourceTree = "<group>"; };
		18D0ED3A2204BC160075F166 /* Base */ = {isa = PBXFileReference; lastKnownFileType = file.storyboard; name = Base; path = Base.lproj/LaunchScreen.storyboard; sourceTree = "<group>"; };
		18D0ED3C2204BC160075F166 /* Info.plist */ = {isa = PBXFileReference; lastKnownFileType = text.plist.xml; path = Info.plist; sourceTree = "<group>"; };
		2FF10F388857C2499DEE18C6 /* Pods_BeerMe.framework */ = {isa = PBXFileReference; explicitFileType = wrapper.framework; includeInIndex = 0; path = Pods_BeerMe.framework; sourceTree = BUILT_PRODUCTS_DIR; };
		32F43A69AFB3E93F9C41E3E7 /* Pods-BeerMe.release.xcconfig */ = {isa = PBXFileReference; includeInIndex = 1; lastKnownFileType = text.xcconfig; name = "Pods-BeerMe.release.xcconfig"; path = "Pods/Target Support Files/Pods-BeerMe/Pods-BeerMe.release.xcconfig"; sourceTree = "<group>"; };
		E1EB5E178367A2DFB14A5AC3 /* Pods-BeerMe.debug.xcconfig */ = {isa = PBXFileReference; includeInIndex = 1; lastKnownFileType = text.xcconfig; name = "Pods-BeerMe.debug.xcconfig"; path = "Pods/Target Support Files/Pods-BeerMe/Pods-BeerMe.debug.xcconfig"; sourceTree = "<group>"; };
/* End PBXFileReference section */

/* Begin PBXFrameworksBuildPhase section */
		18D0ED2A2204BC160075F166 /* Frameworks */ = {
			isa = PBXFrameworksBuildPhase;
			buildActionMask = 2147483647;
			files = (
				15CCC8BDBC8AA76C0F06B66A /* Pods_BeerMe.framework in Frameworks */,
			);
			runOnlyForDeploymentPostprocessing = 0;
		};
/* End PBXFrameworksBuildPhase section */

/* Begin PBXGroup section */
		189FDFDE2204BD13001F54FD /* Controllers */ = {
			isa = PBXGroup;
			children = (
			);
			path = Controllers;
			sourceTree = "<group>";
		};
		189FDFDF2204BD1A001F54FD /* Views */ = {
			isa = PBXGroup;
			children = (
				18D0ED342204BC160075F166 /* Main.storyboard */,
				18D0ED392204BC160075F166 /* LaunchScreen.storyboard */,
				189FDFEB2204C565001F54FD /* BeerCell.swift */,
			);
			path = Views;
			sourceTree = "<group>";
		};
		189FDFE02204BD1F001F54FD /* Models */ = {
			isa = PBXGroup;
			children = (
				189FDFE92204C13B001F54FD /* Beer.swift */,
			);
			path = Models;
			sourceTree = "<group>";
		};
		189FDFE12204BD2C001F54FD /* Services */ = {
			isa = PBXGroup;
			children = (
			);
			path = Services;
			sourceTree = "<group>";
		};
		189FDFE22204BD31001F54FD /* Mechanisms */ = {
			isa = PBXGroup;
			children = (
			);
			path = Mechanisms;
			sourceTree = "<group>";
		};
		189FDFE42204BD44001F54FD /* Resources */ = {
			isa = PBXGroup;
			children = (
				18D0ED372204BC160075F166 /* Assets.xcassets */,
			);
			path = Resources;
			sourceTree = "<group>";
		};
		189FDFE52204BD50001F54FD /* Support */ = {
			isa = PBXGroup;
			children = (
				18D0ED302204BC160075F166 /* AppDelegate.swift */,
				18D0ED3C2204BC160075F166 /* Info.plist */,
			);
			path = Support;
			sourceTree = "<group>";
		};
		189FDFE62204BDEC001F54FD /* Utils */ = {
			isa = PBXGroup;
			children = (
				189FDFE72204BDF9001F54FD /* BaseURL.swift */,
				187FF2BE2204C68200150990 /* NukeOptions.swift */,
			);
			path = Utils;
			sourceTree = "<group>";
		};
		18D0ED242204BC150075F166 = {
			isa = PBXGroup;
			children = (
				18D0ED2F2204BC160075F166 /* BeerMe */,
				18D0ED2E2204BC160075F166 /* Products */,
				80D9E09B99BFF32F4203528E /* Pods */,
				B38B90701B268586220A5802 /* Frameworks */,
			);
			sourceTree = "<group>";
		};
		18D0ED2E2204BC160075F166 /* Products */ = {
			isa = PBXGroup;
			children = (
				18D0ED2D2204BC160075F166 /* BeerMe.app */,
			);
			name = Products;
			sourceTree = "<group>";
		};
		18D0ED2F2204BC160075F166 /* BeerMe */ = {
			isa = PBXGroup;
			children = (
				189FDFE62204BDEC001F54FD /* Utils */,
				189FDFE22204BD31001F54FD /* Mechanisms */,
				189FDFE12204BD2C001F54FD /* Services */,
				189FDFE02204BD1F001F54FD /* Models */,
				189FDFDF2204BD1A001F54FD /* Views */,
				189FDFDE2204BD13001F54FD /* Controllers */,
				189FDFE42204BD44001F54FD /* Resources */,
				189FDFE52204BD50001F54FD /* Support */,
			);
			path = BeerMe;
			sourceTree = "<group>";
		};
		80D9E09B99BFF32F4203528E /* Pods */ = {
			isa = PBXGroup;
			children = (
				E1EB5E178367A2DFB14A5AC3 /* Pods-BeerMe.debug.xcconfig */,
				32F43A69AFB3E93F9C41E3E7 /* Pods-BeerMe.release.xcconfig */,
			);
			name = Pods;
			sourceTree = "<group>";
		};
		B38B90701B268586220A5802 /* Frameworks */ = {
			isa = PBXGroup;
			children = (
				2FF10F388857C2499DEE18C6 /* Pods_BeerMe.framework */,
			);
			name = Frameworks;
			sourceTree = "<group>";
		};
/* End PBXGroup section */

/* Begin PBXNativeTarget section */
		18D0ED2C2204BC160075F166 /* BeerMe */ = {
			isa = PBXNativeTarget;
			buildConfigurationList = 18D0ED3F2204BC160075F166 /* Build configuration list for PBXNativeTarget "BeerMe" */;
			buildPhases = (
				69446313F3A842E3ABCB36B4 /* [CP] Check Pods Manifest.lock */,
				18D0ED292204BC160075F166 /* Sources */,
				18D0ED2A2204BC160075F166 /* Frameworks */,
				18D0ED2B2204BC160075F166 /* Resources */,
				8D49E0D8ECB1E43C18D19935 /* [CP] Embed Pods Frameworks */,
			);
			buildRules = (
			);
			dependencies = (
			);
			name = BeerMe;
			productName = BeerMe;
			productReference = 18D0ED2D2204BC160075F166 /* BeerMe.app */;
			productType = "com.apple.product-type.application";
		};
/* End PBXNativeTarget section */

/* Begin PBXProject section */
		18D0ED252204BC150075F166 /* Project object */ = {
			isa = PBXProject;
			attributes = {
				LastSwiftUpdateCheck = 1010;
				LastUpgradeCheck = 1010;
				ORGANIZATIONNAME = scarpz;
				TargetAttributes = {
					18D0ED2C2204BC160075F166 = {
						CreatedOnToolsVersion = 10.1;
					};
				};
			};
			buildConfigurationList = 18D0ED282204BC150075F166 /* Build configuration list for PBXProject "BeerMe" */;
			compatibilityVersion = "Xcode 9.3";
			developmentRegion = en;
			hasScannedForEncodings = 0;
			knownRegions = (
				en,
				Base,
			);
			mainGroup = 18D0ED242204BC150075F166;
			productRefGroup = 18D0ED2E2204BC160075F166 /* Products */;
			projectDirPath = "";
			projectRoot = "";
			targets = (
				18D0ED2C2204BC160075F166 /* BeerMe */,
			);
		};
/* End PBXProject section */

/* Begin PBXResourcesBuildPhase section */
		18D0ED2B2204BC160075F166 /* Resources */ = {
			isa = PBXResourcesBuildPhase;
			buildActionMask = 2147483647;
			files = (
				18D0ED3B2204BC160075F166 /* LaunchScreen.storyboard in Resources */,
				18D0ED382204BC160075F166 /* Assets.xcassets in Resources */,
				18D0ED362204BC160075F166 /* Main.storyboard in Resources */,
			);
			runOnlyForDeploymentPostprocessing = 0;
		};
/* End PBXResourcesBuildPhase section */

/* Begin PBXShellScriptBuildPhase section */
		69446313F3A842E3ABCB36B4 /* [CP] Check Pods Manifest.lock */ = {
			isa = PBXShellScriptBuildPhase;
			buildActionMask = 2147483647;
			files = (
			);
			inputPaths = (
				"${PODS_PODFILE_DIR_PATH}/Podfile.lock",
				"${PODS_ROOT}/Manifest.lock",
			);
			name = "[CP] Check Pods Manifest.lock";
			outputPaths = (
				"$(DERIVED_FILE_DIR)/Pods-BeerMe-checkManifestLockResult.txt",
			);
			runOnlyForDeploymentPostprocessing = 0;
			shellPath = /bin/sh;
			shellScript = "diff \"${PODS_PODFILE_DIR_PATH}/Podfile.lock\" \"${PODS_ROOT}/Manifest.lock\" > /dev/null\nif [ $? != 0 ] ; then\n    # print error to STDERR\n    echo \"error: The sandbox is not in sync with the Podfile.lock. Run 'pod install' or update your CocoaPods installation.\" >&2\n    exit 1\nfi\n# This output is used by Xcode 'outputs' to avoid re-running this script phase.\necho \"SUCCESS\" > \"${SCRIPT_OUTPUT_FILE_0}\"\n";
			showEnvVarsInLog = 0;
		};
		8D49E0D8ECB1E43C18D19935 /* [CP] Embed Pods Frameworks */ = {
			isa = PBXShellScriptBuildPhase;
			buildActionMask = 2147483647;
			files = (
			);
			inputPaths = (
				"${SRCROOT}/Pods/Target Support Files/Pods-BeerMe/Pods-BeerMe-frameworks.sh",
				"${BUILT_PRODUCTS_DIR}/Nuke/Nuke.framework",
			);
			name = "[CP] Embed Pods Frameworks";
			outputPaths = (
				"${TARGET_BUILD_DIR}/${FRAMEWORKS_FOLDER_PATH}/Nuke.framework",
			);
			runOnlyForDeploymentPostprocessing = 0;
			shellPath = /bin/sh;
			shellScript = "\"${SRCROOT}/Pods/Target Support Files/Pods-BeerMe/Pods-BeerMe-frameworks.sh\"\n";
			showEnvVarsInLog = 0;
		};
/* End PBXShellScriptBuildPhase section */

/* Begin PBXSourcesBuildPhase section */
		18D0ED292204BC160075F166 /* Sources */ = {
			isa = PBXSourcesBuildPhase;
			buildActionMask = 2147483647;
			files = (
				189FDFE82204BDF9001F54FD /* BaseURL.swift in Sources */,
				189FDFEA2204C13B001F54FD /* Beer.swift in Sources */,
				18D0ED312204BC160075F166 /* AppDelegate.swift in Sources */,
				189FDFEC2204C565001F54FD /* BeerCell.swift in Sources */,
				187FF2BF2204C68200150990 /* NukeOptions.swift in Sources */,
			);
			runOnlyForDeploymentPostprocessing = 0;
		};
/* End PBXSourcesBuildPhase section */

/* Begin PBXVariantGroup section */
		18D0ED342204BC160075F166 /* Main.storyboard */ = {
			isa = PBXVariantGroup;
			children = (
				18D0ED352204BC160075F166 /* Base */,
			);
			name = Main.storyboard;
			sourceTree = "<group>";
		};
		18D0ED392204BC160075F166 /* LaunchScreen.storyboard */ = {
			isa = PBXVariantGroup;
			children = (
				18D0ED3A2204BC160075F166 /* Base */,
			);
			name = LaunchScreen.storyboard;
			sourceTree = "<group>";
		};
/* End PBXVariantGroup section */

/* Begin XCBuildConfiguration section */
		18D0ED3D2204BC160075F166 /* Debug */ = {
			isa = XCBuildConfiguration;
			buildSettings = {
				ALWAYS_SEARCH_USER_PATHS = NO;
				CLANG_ANALYZER_NONNULL = YES;
				CLANG_ANALYZER_NUMBER_OBJECT_CONVERSION = YES_AGGRESSIVE;
				CLANG_CXX_LANGUAGE_STANDARD = "gnu++14";
				CLANG_CXX_LIBRARY = "libc++";
				CLANG_ENABLE_MODULES = YES;
				CLANG_ENABLE_OBJC_ARC = YES;
				CLANG_ENABLE_OBJC_WEAK = YES;
				CLANG_WARN_BLOCK_CAPTURE_AUTORELEASING = YES;
				CLANG_WARN_BOOL_CONVERSION = YES;
				CLANG_WARN_COMMA = YES;
				CLANG_WARN_CONSTANT_CONVERSION = YES;
				CLANG_WARN_DEPRECATED_OBJC_IMPLEMENTATIONS = YES;
				CLANG_WARN_DIRECT_OBJC_ISA_USAGE = YES_ERROR;
				CLANG_WARN_DOCUMENTATION_COMMENTS = YES;
				CLANG_WARN_EMPTY_BODY = YES;
				CLANG_WARN_ENUM_CONVERSION = YES;
				CLANG_WARN_INFINITE_RECURSION = YES;
				CLANG_WARN_INT_CONVERSION = YES;
				CLANG_WARN_NON_LITERAL_NULL_CONVERSION = YES;
				CLANG_WARN_OBJC_IMPLICIT_RETAIN_SELF = YES;
				CLANG_WARN_OBJC_LITERAL_CONVERSION = YES;
				CLANG_WARN_OBJC_ROOT_CLASS = YES_ERROR;
				CLANG_WARN_RANGE_LOOP_ANALYSIS = YES;
				CLANG_WARN_STRICT_PROTOTYPES = YES;
				CLANG_WARN_SUSPICIOUS_MOVE = YES;
				CLANG_WARN_UNGUARDED_AVAILABILITY = YES_AGGRESSIVE;
				CLANG_WARN_UNREACHABLE_CODE = YES;
				CLANG_WARN__DUPLICATE_METHOD_MATCH = YES;
				CODE_SIGN_IDENTITY = "iPhone Developer";
				COPY_PHASE_STRIP = NO;
				DEBUG_INFORMATION_FORMAT = dwarf;
				ENABLE_STRICT_OBJC_MSGSEND = YES;
				ENABLE_TESTABILITY = YES;
				GCC_C_LANGUAGE_STANDARD = gnu11;
				GCC_DYNAMIC_NO_PIC = NO;
				GCC_NO_COMMON_BLOCKS = YES;
				GCC_OPTIMIZATION_LEVEL = 0;
				GCC_PREPROCESSOR_DEFINITIONS = (
					"DEBUG=1",
					"$(inherited)",
				);
				GCC_WARN_64_TO_32_BIT_CONVERSION = YES;
				GCC_WARN_ABOUT_RETURN_TYPE = YES_ERROR;
				GCC_WARN_UNDECLARED_SELECTOR = YES;
				GCC_WARN_UNINITIALIZED_AUTOS = YES_AGGRESSIVE;
				GCC_WARN_UNUSED_FUNCTION = YES;
				GCC_WARN_UNUSED_VARIABLE = YES;
				IPHONEOS_DEPLOYMENT_TARGET = 12.1;
				MTL_ENABLE_DEBUG_INFO = INCLUDE_SOURCE;
				MTL_FAST_MATH = YES;
				ONLY_ACTIVE_ARCH = YES;
				SDKROOT = iphoneos;
				SWIFT_ACTIVE_COMPILATION_CONDITIONS = DEBUG;
				SWIFT_OPTIMIZATION_LEVEL = "-Onone";
			};
			name = Debug;
		};
		18D0ED3E2204BC160075F166 /* Release */ = {
			isa = XCBuildConfiguration;
			buildSettings = {
				ALWAYS_SEARCH_USER_PATHS = NO;
				CLANG_ANALYZER_NONNULL = YES;
				CLANG_ANALYZER_NUMBER_OBJECT_CONVERSION = YES_AGGRESSIVE;
				CLANG_CXX_LANGUAGE_STANDARD = "gnu++14";
				CLANG_CXX_LIBRARY = "libc++";
				CLANG_ENABLE_MODULES = YES;
				CLANG_ENABLE_OBJC_ARC = YES;
				CLANG_ENABLE_OBJC_WEAK = YES;
				CLANG_WARN_BLOCK_CAPTURE_AUTORELEASING = YES;
				CLANG_WARN_BOOL_CONVERSION = YES;
				CLANG_WARN_COMMA = YES;
				CLANG_WARN_CONSTANT_CONVERSION = YES;
				CLANG_WARN_DEPRECATED_OBJC_IMPLEMENTATIONS = YES;
				CLANG_WARN_DIRECT_OBJC_ISA_USAGE = YES_ERROR;
				CLANG_WARN_DOCUMENTATION_COMMENTS = YES;
				CLANG_WARN_EMPTY_BODY = YES;
				CLANG_WARN_ENUM_CONVERSION = YES;
				CLANG_WARN_INFINITE_RECURSION = YES;
				CLANG_WARN_INT_CONVERSION = YES;
				CLANG_WARN_NON_LITERAL_NULL_CONVERSION = YES;
				CLANG_WARN_OBJC_IMPLICIT_RETAIN_SELF = YES;
				CLANG_WARN_OBJC_LITERAL_CONVERSION = YES;
				CLANG_WARN_OBJC_ROOT_CLASS = YES_ERROR;
				CLANG_WARN_RANGE_LOOP_ANALYSIS = YES;
				CLANG_WARN_STRICT_PROTOTYPES = YES;
				CLANG_WARN_SUSPICIOUS_MOVE = YES;
				CLANG_WARN_UNGUARDED_AVAILABILITY = YES_AGGRESSIVE;
				CLANG_WARN_UNREACHABLE_CODE = YES;
				CLANG_WARN__DUPLICATE_METHOD_MATCH = YES;
				CODE_SIGN_IDENTITY = "iPhone Developer";
				COPY_PHASE_STRIP = NO;
				DEBUG_INFORMATION_FORMAT = "dwarf-with-dsym";
				ENABLE_NS_ASSERTIONS = NO;
				ENABLE_STRICT_OBJC_MSGSEND = YES;
				GCC_C_LANGUAGE_STANDARD = gnu11;
				GCC_NO_COMMON_BLOCKS = YES;
				GCC_WARN_64_TO_32_BIT_CONVERSION = YES;
				GCC_WARN_ABOUT_RETURN_TYPE = YES_ERROR;
				GCC_WARN_UNDECLARED_SELECTOR = YES;
				GCC_WARN_UNINITIALIZED_AUTOS = YES_AGGRESSIVE;
				GCC_WARN_UNUSED_FUNCTION = YES;
				GCC_WARN_UNUSED_VARIABLE = YES;
				IPHONEOS_DEPLOYMENT_TARGET = 12.1;
				MTL_ENABLE_DEBUG_INFO = NO;
				MTL_FAST_MATH = YES;
				SDKROOT = iphoneos;
				SWIFT_COMPILATION_MODE = wholemodule;
				SWIFT_OPTIMIZATION_LEVEL = "-O";
				VALIDATE_PRODUCT = YES;
			};
			name = Release;
		};
		18D0ED402204BC160075F166 /* Debug */ = {
			isa = XCBuildConfiguration;
			baseConfigurationReference = E1EB5E178367A2DFB14A5AC3 /* Pods-BeerMe.debug.xcconfig */;
			buildSettings = {
				ASSETCATALOG_COMPILER_APPICON_NAME = AppIcon;
				CODE_SIGN_STYLE = Automatic;
				DEVELOPMENT_TEAM = 7T8R3N4U6X;
				INFOPLIST_FILE = "$(SRCROOT)/BeerMe/Support/Info.plist";
				LD_RUNPATH_SEARCH_PATHS = (
					"$(inherited)",
					"@executable_path/Frameworks",
				);
				PRODUCT_BUNDLE_IDENTIFIER = com.scarpz.BeerMe;
				PRODUCT_NAME = "$(TARGET_NAME)";
				SWIFT_VERSION = 4.2;
				TARGETED_DEVICE_FAMILY = 1;
			};
			name = Debug;
		};
		18D0ED412204BC160075F166 /* Release */ = {
			isa = XCBuildConfiguration;
			baseConfigurationReference = 32F43A69AFB3E93F9C41E3E7 /* Pods-BeerMe.release.xcconfig */;
			buildSettings = {
				ASSETCATALOG_COMPILER_APPICON_NAME = AppIcon;
				CODE_SIGN_STYLE = Automatic;
				DEVELOPMENT_TEAM = 7T8R3N4U6X;
				INFOPLIST_FILE = "$(SRCROOT)/BeerMe/Support/Info.plist";
				LD_RUNPATH_SEARCH_PATHS = (
					"$(inherited)",
					"@executable_path/Frameworks",
				);
				PRODUCT_BUNDLE_IDENTIFIER = com.scarpz.BeerMe;
				PRODUCT_NAME = "$(TARGET_NAME)";
				SWIFT_VERSION = 4.2;
				TARGETED_DEVICE_FAMILY = 1;
			};
			name = Release;
		};
/* End XCBuildConfiguration section */

/* Begin XCConfigurationList section */
		18D0ED282204BC150075F166 /* Build configuration list for PBXProject "BeerMe" */ = {
			isa = XCConfigurationList;
			buildConfigurations = (
				18D0ED3D2204BC160075F166 /* Debug */,
				18D0ED3E2204BC160075F166 /* Release */,
			);
			defaultConfigurationIsVisible = 0;
			defaultConfigurationName = Release;
		};
		18D0ED3F2204BC160075F166 /* Build configuration list for PBXNativeTarget "BeerMe" */ = {
			isa = XCConfigurationList;
			buildConfigurations = (
				18D0ED402204BC160075F166 /* Debug */,
				18D0ED412204BC160075F166 /* Release */,
			);
			defaultConfigurationIsVisible = 0;
			defaultConfigurationName = Release;
		};
/* End XCConfigurationList section */
	};
	rootObject = 18D0ED252204BC150075F166 /* Project object */;
}
